// !$*UTF8*$!
{
	archiveVersion = 1;
	classes = {
	};
	objectVersion = 50;
	objects = {

/* Begin PBXBuildFile section */
		1AD7D7412356595B0035DE2F /* AppDelegate.swift in Sources */ = {isa = PBXBuildFile; fileRef = 1AD7D7402356595B0035DE2F /* AppDelegate.swift */; };
		1AD7D7432356595B0035DE2F /* ViewController.swift in Sources */ = {isa = PBXBuildFile; fileRef = 1AD7D7422356595B0035DE2F /* ViewController.swift */; };
		1AD7D7462356595B0035DE2F /* Main.storyboard in Resources */ = {isa = PBXBuildFile; fileRef = 1AD7D7442356595B0035DE2F /* Main.storyboard */; };
		1AD7D748235659690035DE2F /* Assets.xcassets in Resources */ = {isa = PBXBuildFile; fileRef = 1AD7D747235659690035DE2F /* Assets.xcassets */; };
		1AD7D74B2356596A0035DE2F /* LaunchScreen.storyboard in Resources */ = {isa = PBXBuildFile; fileRef = 1AD7D7492356596A0035DE2F /* LaunchScreen.storyboard */; };
/* End PBXBuildFile section */

/* Begin PBXFileReference section */
		1AD7D73D2356595B0035DE2F /* Diego.app */ = {isa = PBXFileReference; explicitFileType = wrapper.application; includeInIndex = 0; path = Diego.app; sourceTree = BUILT_PRODUCTS_DIR; };
		1AD7D7402356595B0035DE2F /* AppDelegate.swift */ = {isa = PBXFileReference; lastKnownFileType = sourcecode.swift; path = AppDelegate.swift; sourceTree = "<group>"; };
		1AD7D7422356595B0035DE2F /* ViewController.swift */ = {isa = PBXFileReference; lastKnownFileType = sourcecode.swift; path = ViewController.swift; sourceTree = "<group>"; };
		1AD7D7452356595B0035DE2F /* Base */ = {isa = PBXFileReference; lastKnownFileType = file.storyboard; name = Base; path = Base.lproj/Main.storyboard; sourceTree = "<group>"; };
		1AD7D747235659690035DE2F /* Assets.xcassets */ = {isa = PBXFileReference; lastKnownFileType = folder.assetcatalog; path = Assets.xcassets; sourceTree = "<group>"; };
		1AD7D74A2356596A0035DE2F /* Base */ = {isa = PBXFileReference; lastKnownFileType = file.storyboard; name = Base; path = Base.lproj/LaunchScreen.storyboard; sourceTree = "<group>"; };
		1AD7D74C2356596A0035DE2F /* Info.plist */ = {isa = PBXFileReference; lastKnownFileType = text.plist.xml; path = Info.plist; sourceTree = "<group>"; };
/* End PBXFileReference section */

/* Begin PBXFrameworksBuildPhase section */
		1AD7D73A2356595B0035DE2F /* Frameworks */ = {
			isa = PBXFrameworksBuildPhase;
			buildActionMask = 2147483647;
			files = (
			);
			runOnlyForDeploymentPostprocessing = 0;
		};
/* End PBXFrameworksBuildPhase section */

/* Begin PBXGroup section */
		1AD7D7342356595B0035DE2F = {
			isa = PBXGroup;
			children = (
				1AD7D73F2356595B0035DE2F /* Diego */,
				1AD7D73E2356595B0035DE2F /* Products */,
			);
			sourceTree = "<group>";
		};
		1AD7D73E2356595B0035DE2F /* Products */ = {
			isa = PBXGroup;
			children = (
				1AD7D73D2356595B0035DE2F /* Diego.app */,
			);
			name = Products;
			sourceTree = "<group>";
		};
		1AD7D73F2356595B0035DE2F /* Diego */ = {
			isa = PBXGroup;
			children = (
				1AD7D7402356595B0035DE2F /* AppDelegate.swift */,
				1AD7D7422356595B0035DE2F /* ViewController.swift */,
				1AD7D7442356595B0035DE2F /* Main.storyboard */,
				1AD7D747235659690035DE2F /* Assets.xcassets */,
				1AD7D7492356596A0035DE2F /* LaunchScreen.storyboard */,
				1AD7D74C2356596A0035DE2F /* Info.plist */,
			);
			path = Diego;
			sourceTree = "<group>";
		};
/* End PBXGroup section */

/* Begin PBXNativeTarget section */
		1AD7D73C2356595B0035DE2F /* Diego */ = {
			isa = PBXNativeTarget;
			buildConfigurationList = 1AD7D74F2356596A0035DE2F /* Build configuration list for PBXNativeTarget "Diego" */;
			buildPhases = (
				1AD7D7392356595B0035DE2F /* Sources */,
				1AD7D73A2356595B0035DE2F /* Frameworks */,
				1AD7D73B2356595B0035DE2F /* Resources */,
			);
			buildRules = (
			);
			dependencies = (
			);
			name = Diego;
			productName = Diego;
			productReference = 1AD7D73D2356595B0035DE2F /* Diego.app */;
			productType = "com.apple.product-type.application";
		};
/* End PBXNativeTarget section */

/* Begin PBXProject section */
		1AD7D7352356595B0035DE2F /* Project object */ = {
			isa = PBXProject;
			attributes = {
				LastSwiftUpdateCheck = 1010;
				LastUpgradeCheck = 1010;
				ORGANIZATIONNAME = "diego paredes";
				TargetAttributes = {
					1AD7D73C2356595B0035DE2F = {
						CreatedOnToolsVersion = 10.1;
					};
				};
			};
			buildConfigurationList = 1AD7D7382356595B0035DE2F /* Build configuration list for PBXProject "Diego" */;
			compatibilityVersion = "Xcode 9.3";
			developmentRegion = en;
			hasScannedForEncodings = 0;
			knownRegions = (
				en,
				Base,
			);
			mainGroup = 1AD7D7342356595B0035DE2F;
			productRefGroup = 1AD7D73E2356595B0035DE2F /* Products */;
			projectDirPath = "";
			projectRoot = "";
			targets = (
				1AD7D73C2356595B0035DE2F /* Diego */,
			);
		};
/* End PBXProject section */

/* Begin PBXResourcesBuildPhase section */
		1AD7D73B2356595B0035DE2F /* Resources */ = {
			isa = PBXResourcesBuildPhase;
			buildActionMask = 2147483647;
			files = (
				1AD7D74B2356596A0035DE2F /* LaunchScreen.storyboard in Resources */,
				1AD7D748235659690035DE2F /* Assets.xcassets in Resources */,
				1AD7D7462356595B0035DE2F /* Main.storyboard in Resources */,
			);
			runOnlyForDeploymentPostprocessing = 0;
		};
/* End PBXResourcesBuildPhase section */

/* Begin PBXSourcesBuildPhase section */
		1AD7D7392356595B0035DE2F /* Sources */ = {
			isa = PBXSourcesBuildPhase;
			buildActionMask = 2147483647;
			files = (
				1AD7D7432356595B0035DE2F /* ViewController.swift in Sources */,
				1AD7D7412356595B0035DE2F /* AppDelegate.swift in Sources */,
			);
			runOnlyForDeploymentPostprocessing = 0;
		};
/* End PBXSourcesBuildPhase section */

/* Begin PBXVariantGroup section */
		1AD7D7442356595B0035DE2F /* Main.storyboard */ = {
			isa = PBXVariantGroup;
			children = (
				1AD7D7452356595B0035DE2F /* Base */,
			);
			name = Main.storyboard;
			sourceTree = "<group>";
		};
		1AD7D7492356596A0035DE2F /* LaunchScreen.storyboard */ = {
			isa = PBXVariantGroup;
			children = (
				1AD7D74A2356596A0035DE2F /* Base */,
			);
			name = LaunchScreen.storyboard;
			sourceTree = "<group>";
		};
/* End PBXVariantGroup section */

/* Begin XCBuildConfiguration section */
		1AD7D74D2356596A0035DE2F /* Debug */ = {
			isa = XCBuildConfiguration;
			buildSettings = {
				ALWAYS_SEARCH_USER_PATHS = NO;
				CLANG_ANALYZER_NONNULL = YES;
				CLANG_ANALYZER_NUMBER_OBJECT_CONVERSION = YES_AGGRESSIVE;
				CLANG_CXX_LANGUAGE_STANDARD = "gnu++14";
				CLANG_CXX_LIBRARY = "libc++";
				CLANG_ENABLE_MODULES = YES;
				CLANG_ENABLE_OBJC_ARC = YES;
				CLANG_ENABLE_OBJC_WEAK = YES;
				CLANG_WARN_BLOCK_CAPTURE_AUTORELEASING = YES;
				CLANG_WARN_BOOL_CONVERSION = YES;
				CLANG_WARN_COMMA = YES;
				CLANG_WARN_CONSTANT_CONVERSION = YES;
				CLANG_WARN_DEPRECATED_OBJC_IMPLEMENTATIONS = YES;
				CLANG_WARN_DIRECT_OBJC_ISA_USAGE = YES_ERROR;
				CLANG_WARN_DOCUMENTATION_COMMENTS = YES;
				CLANG_WARN_EMPTY_BODY = YES;
				CLANG_WARN_ENUM_CONVERSION = YES;
				CLANG_WARN_INFINITE_RECURSION = YES;
				CLANG_WARN_INT_CONVERSION = YES;
				CLANG_WARN_NON_LITERAL_NULL_CONVERSION = YES;
				CLANG_WARN_OBJC_IMPLICIT_RETAIN_SELF = YES;
				CLANG_WARN_OBJC_LITERAL_CONVERSION = YES;
				CLANG_WARN_OBJC_ROOT_CLASS = YES_ERROR;
				CLANG_WARN_RANGE_LOOP_ANALYSIS = YES;
				CLANG_WARN_STRICT_PROTOTYPES = YES;
				CLANG_WARN_SUSPICIOUS_MOVE = YES;
				CLANG_WARN_UNGUARDED_AVAILABILITY = YES_AGGRESSIVE;
				CLANG_WARN_UNREACHABLE_CODE = YES;
				CLANG_WARN__DUPLICATE_METHOD_MATCH = YES;
				CODE_SIGN_IDENTITY = "iPhone Developer";
				COPY_PHASE_STRIP = NO;
				DEBUG_INFORMATION_FORMAT = dwarf;
				ENABLE_STRICT_OBJC_MSGSEND = YES;
				ENABLE_TESTABILITY = YES;
				GCC_C_LANGUAGE_STANDARD = gnu11;
				GCC_DYNAMIC_NO_PIC = NO;
				GCC_NO_COMMON_BLOCKS = YES;
				GCC_OPTIMIZATION_LEVEL = 0;
				GCC_PREPROCESSOR_DEFINITIONS = (
					"DEBUG=1",
					"$(inherited)",
				);
				GCC_WARN_64_TO_32_BIT_CONVERSION = YES;
				GCC_WARN_ABOUT_RETURN_TYPE = YES_ERROR;
				GCC_WARN_UNDECLARED_SELECTOR = YES;
				GCC_WARN_UNINITIALIZED_AUTOS = YES_AGGRESSIVE;
				GCC_WARN_UNUSED_FUNCTION = YES;
				GCC_WARN_UNUSED_VARIABLE = YES;
				IPHONEOS_DEPLOYMENT_TARGET = 12.1;
				MTL_ENABLE_DEBUG_INFO = INCLUDE_SOURCE;
				MTL_FAST_MATH = YES;
				ONLY_ACTIVE_ARCH = YES;
				SDKROOT = iphoneos;
				SWIFT_ACTIVE_COMPILATION_CONDITIONS = DEBUG;
				SWIFT_OPTIMIZATION_LEVEL = "-Onone";
			};
			name = Debug;
		};
		1AD7D74E2356596A0035DE2F /* Release */ = {
			isa = XCBuildConfiguration;
			buildSettings = {
				ALWAYS_SEARCH_USER_PATHS = NO;
				CLANG_ANALYZER_NONNULL = YES;
				CLANG_ANALYZER_NUMBER_OBJECT_CONVERSION = YES_AGGRESSIVE;
				CLANG_CXX_LANGUAGE_STANDARD = "gnu++14";
				CLANG_CXX_LIBRARY = "libc++";
				CLANG_ENABLE_MODULES = YES;
				CLANG_ENABLE_OBJC_ARC = YES;
				CLANG_ENABLE_OBJC_WEAK = YES;
				CLANG_WARN_BLOCK_CAPTURE_AUTORELEASING = YES;
				CLANG_WARN_BOOL_CONVERSION = YES;
				CLANG_WARN_COMMA = YES;
				CLANG_WARN_CONSTANT_CONVERSION = YES;
				CLANG_WARN_DEPRECATED_OBJC_IMPLEMENTATIONS = YES;
				CLANG_WARN_DIRECT_OBJC_ISA_USAGE = YES_ERROR;
				CLANG_WARN_DOCUMENTATION_COMMENTS = YES;
				CLANG_WARN_EMPTY_BODY = YES;
				CLANG_WARN_ENUM_CONVERSION = YES;
				CLANG_WARN_INFINITE_RECURSION = YES;
				CLANG_WARN_INT_CONVERSION = YES;
				CLANG_WARN_NON_LITERAL_NULL_CONVERSION = YES;
				CLANG_WARN_OBJC_IMPLICIT_RETAIN_SELF = YES;
				CLANG_WARN_OBJC_LITERAL_CONVERSION = YES;
				CLANG_WARN_OBJC_ROOT_CLASS = YES_ERROR;
				CLANG_WARN_RANGE_LOOP_ANALYSIS = YES;
				CLANG_WARN_STRICT_PROTOTYPES = YES;
				CLANG_WARN_SUSPICIOUS_MOVE = YES;
				CLANG_WARN_UNGUARDED_AVAILABILITY = YES_AGGRESSIVE;
				CLANG_WARN_UNREACHABLE_CODE = YES;
				CLANG_WARN__DUPLICATE_METHOD_MATCH = YES;
				CODE_SIGN_IDENTITY = "iPhone Developer";
				COPY_PHASE_STRIP = NO;
				DEBUG_INFORMATION_FORMAT = "dwarf-with-dsym";
				ENABLE_NS_ASSERTIONS = NO;
				ENABLE_STRICT_OBJC_MSGSEND = YES;
				GCC_C_LANGUAGE_STANDARD = gnu11;
				GCC_NO_COMMON_BLOCKS = YES;
				GCC_WARN_64_TO_32_BIT_CONVERSION = YES;
				GCC_WARN_ABOUT_RETURN_TYPE = YES_ERROR;
				GCC_WARN_UNDECLARED_SELECTOR = YES;
				GCC_WARN_UNINITIALIZED_AUTOS = YES_AGGRESSIVE;
				GCC_WARN_UNUSED_FUNCTION = YES;
				GCC_WARN_UNUSED_VARIABLE = YES;
				IPHONEOS_DEPLOYMENT_TARGET = 12.1;
				MTL_ENABLE_DEBUG_INFO = NO;
				MTL_FAST_MATH = YES;
				SDKROOT = iphoneos;
				SWIFT_COMPILATION_MODE = wholemodule;
				SWIFT_OPTIMIZATION_LEVEL = "-O";
				VALIDATE_PRODUCT = YES;
			};
			name = Release;
		};
		1AD7D7502356596A0035DE2F /* Debug */ = {
			isa = XCBuildConfiguration;
			buildSettings = {
				ASSETCATALOG_COMPILER_APPICON_NAME = AppIcon;
				CODE_SIGN_STYLE = Automatic;
				INFOPLIST_FILE = Diego/Info.plist;
				LD_RUNPATH_SEARCH_PATHS = (
					"$(inherited)",
					"@executable_path/Frameworks",
				);
				PRODUCT_BUNDLE_IDENTIFIER = com.diegoparedes.Diego;
				PRODUCT_NAME = "$(TARGET_NAME)";
				SWIFT_VERSION = 4.2;
				TARGETED_DEVICE_FAMILY = "1,2";
			};
			name = Debug;
		};
		1AD7D7512356596A0035DE2F /* Release */ = {
			isa = XCBuildConfiguration;
			buildSettings = {
				ASSETCATALOG_COMPILER_APPICON_NAME = AppIcon;
				CODE_SIGN_STYLE = Automatic;
				INFOPLIST_FILE = Diego/Info.plist;
				LD_RUNPATH_SEARCH_PATHS = (
					"$(inherited)",
					"@executable_path/Frameworks",
				);
				PRODUCT_BUNDLE_IDENTIFIER = com.diegoparedes.Diego;
				PRODUCT_NAME = "$(TARGET_NAME)";
				SWIFT_VERSION = 4.2;
				TARGETED_DEVICE_FAMILY = "1,2";
			};
			name = Release;
		};
/* End XCBuildConfiguration section */

/* Begin XCConfigurationList section */
		1AD7D7382356595B0035DE2F /* Build configuration list for PBXProject "Diego" */ = {
			isa = XCConfigurationList;
			buildConfigurations = (
				1AD7D74D2356596A0035DE2F /* Debug */,
				1AD7D74E2356596A0035DE2F /* Release */,
			);
			defaultConfigurationIsVisible = 0;
			defaultConfigurationName = Release;
		};
		1AD7D74F2356596A0035DE2F /* Build configuration list for PBXNativeTarget "Diego" */ = {
			isa = XCConfigurationList;
			buildConfigurations = (
				1AD7D7502356596A0035DE2F /* Debug */,
				1AD7D7512356596A0035DE2F /* Release */,
			);
			defaultConfigurationIsVisible = 0;
			defaultConfigurationName = Release;
		};
/* End XCConfigurationList section */
	};
	rootObject = 1AD7D7352356595B0035DE2F /* Project object */;
}
